
Microsoft Visual Studio Solution File, Format Version 12.00
Project("{FAE04EC0-301F-11D3-BF4B-00C04F79EFBC}") = "TestNotFoundClientIssue", "TestNotFoundClientIssue\TestNotFoundClientIssue.csproj", "{4798C104-63F2-4429-A103-1F72FB820738}"
EndProject
Project("{FAE04EC0-301F-11D3-BF4B-00C04F79EFBC}") = "TestNotFoundClientIssuesTest", "TestNotFoundClientIssuesTest\TestNotFoundClientIssuesTest.csproj", "{EC195819-A148-4E7B-BFCE-F2A08794EB80}"
EndProject
Global
	GlobalSection(SolutionConfigurationPlatforms) = preSolution
		Debug|Any CPU = Debug|Any CPU
		Release|Any CPU = Release|Any CPU
	EndGlobalSection
	GlobalSection(ProjectConfigurationPlatforms) = postSolution
		{4798C104-63F2-4429-A103-1F72FB820738}.Debug|Any CPU.ActiveCfg = Debug|Any CPU
		{4798C104-63F2-4429-A103-1F72FB820738}.Debug|Any CPU.Build.0 = Debug|Any CPU
		{4798C104-63F2-4429-A103-1F72FB820738}.Release|Any CPU.ActiveCfg = Release|Any CPU
		{4798C104-63F2-4429-A103-1F72FB820738}.Release|Any CPU.Build.0 = Release|Any CPU
		{EC195819-A148-4E7B-BFCE-F2A08794EB80}.Debug|Any CPU.ActiveCfg = Debug|Any CPU
		{EC195819-A148-4E7B-BFCE-F2A08794EB80}.Debug|Any CPU.Build.0 = Debug|Any CPU
		{EC195819-A148-4E7B-BFCE-F2A08794EB80}.Release|Any CPU.ActiveCfg = Release|Any CPU
		{EC195819-A148-4E7B-BFCE-F2A08794EB80}.Release|Any CPU.Build.0 = Release|Any CPU
	EndGlobalSection
EndGlobal
